
Microsoft Visual Studio Solution File, Format Version 12.00
# Visual Studio 2012
Project("{FAE04EC0-301F-11D3-BF4B-00C04F79EFBC}") = "Poiema.iOS", "Poiema.iOS\Poiema.iOS.csproj", "{A5491A59-96D0-4A76-8A51-629B54B1EFCD}"
EndProject
Global
	GlobalSection(SolutionConfigurationPlatforms) = preSolution
		Debug|iPhoneSimulator = Debug|iPhoneSimulator
		Release|iPhone = Release|iPhone
		Release|iPhoneSimulator = Release|iPhoneSimulator
		Debug|iPhone = Debug|iPhone
	EndGlobalSection
	GlobalSection(ProjectConfigurationPlatforms) = postSolution
		{A5491A59-96D0-4A76-8A51-629B54B1EFCD}.Debug|iPhoneSimulator.ActiveCfg = Debug|iPhoneSimulator
		{A5491A59-96D0-4A76-8A51-629B54B1EFCD}.Debug|iPhoneSimulator.Build.0 = Debug|iPhoneSimulator
		{A5491A59-96D0-4A76-8A51-629B54B1EFCD}.Release|iPhone.ActiveCfg = Release|iPhone
		{A5491A59-96D0-4A76-8A51-629B54B1EFCD}.Release|iPhone.Build.0 = Release|iPhone
		{A5491A59-96D0-4A76-8A51-629B54B1EFCD}.Release|iPhoneSimulator.ActiveCfg = Release|iPhoneSimulator
		{A5491A59-96D0-4A76-8A51-629B54B1EFCD}.Release|iPhoneSimulator.Build.0 = Release|iPhoneSimulator
		{A5491A59-96D0-4A76-8A51-629B54B1EFCD}.Debug|iPhone.ActiveCfg = Debug|iPhone
		{A5491A59-96D0-4A76-8A51-629B54B1EFCD}.Debug|iPhone.Build.0 = Debug|iPhone
	EndGlobalSection
EndGlobal
